
Microsoft Visual Studio Solution File, Format Version 12.00
# Visual Studio 15
VisualStudioVersion = 15.0.26430.16
MinimumVisualStudioVersion = 10.0.40219.1
Project("{FAE04EC0-301F-11D3-BF4B-00C04F79EFBC}") = "PluralXamarinCore", "PluralXamarinCore\PluralXamarinCore.csproj", "{A52ACCBE-3FE3-4107-B60B-6970977D7F04}"
EndProject
Project("{FAE04EC0-301F-11D3-BF4B-00C04F79EFBC}") = "PluralXamarinAndroid", "PluralXamarinAndroid\PluralXamarinAndroid.csproj", "{7242F4C9-D939-4E85-9D77-4FC37A9BB052}"
EndProject
Global
	GlobalSection(SolutionConfigurationPlatforms) = preSolution
		Debug|Any CPU = Debug|Any CPU
		Release|Any CPU = Release|Any CPU
	EndGlobalSection
	GlobalSection(ProjectConfigurationPlatforms) = postSolution
		{A52ACCBE-3FE3-4107-B60B-6970977D7F04}.Debug|Any CPU.ActiveCfg = Debug|Any CPU
		{A52ACCBE-3FE3-4107-B60B-6970977D7F04}.Debug|Any CPU.Build.0 = Debug|Any CPU
		{A52ACCBE-3FE3-4107-B60B-6970977D7F04}.Release|Any CPU.ActiveCfg = Release|Any CPU
		{A52ACCBE-3FE3-4107-B60B-6970977D7F04}.Release|Any CPU.Build.0 = Release|Any CPU
		{7242F4C9-D939-4E85-9D77-4FC37A9BB052}.Debug|Any CPU.ActiveCfg = Debug|Any CPU
		{7242F4C9-D939-4E85-9D77-4FC37A9BB052}.Debug|Any CPU.Build.0 = Debug|Any CPU
		{7242F4C9-D939-4E85-9D77-4FC37A9BB052}.Debug|Any CPU.Deploy.0 = Debug|Any CPU
		{7242F4C9-D939-4E85-9D77-4FC37A9BB052}.Release|Any CPU.ActiveCfg = Release|Any CPU
		{7242F4C9-D939-4E85-9D77-4FC37A9BB052}.Release|Any CPU.Build.0 = Release|Any CPU
		{7242F4C9-D939-4E85-9D77-4FC37A9BB052}.Release|Any CPU.Deploy.0 = Release|Any CPU
	EndGlobalSection
	GlobalSection(SolutionProperties) = preSolution
		HideSolutionNode = FALSE
	EndGlobalSection
EndGlobal
